
Microsoft Visual Studio Solution File, Format Version 12.00
# Visual Studio 15
VisualStudioVersion = 15.0.28307.757
MinimumVisualStudioVersion = 10.0.40219.1
Project("{FAE04EC0-301F-11D3-BF4B-00C04F79EFBC}") = "EmployeeManagementApi", "EmployeeManagementApi\EmployeeManagementApi.csproj", "{5849AC42-1C23-480D-B04E-420C3FD63A03}"
EndProject
Project("{FAE04EC0-301F-11D3-BF4B-00C04F79EFBC}") = "TestControllerFixture", "TestControllerFixture\TestControllerFixture.csproj", "{944F72F8-0579-4E77-9B83-CE77171356AE}"
EndProject
Global
	GlobalSection(SolutionConfigurationPlatforms) = preSolution
		Debug|Any CPU = Debug|Any CPU
		Release|Any CPU = Release|Any CPU
	EndGlobalSection
	GlobalSection(ProjectConfigurationPlatforms) = postSolution
		{5849AC42-1C23-480D-B04E-420C3FD63A03}.Debug|Any CPU.ActiveCfg = Debug|Any CPU
		{5849AC42-1C23-480D-B04E-420C3FD63A03}.Debug|Any CPU.Build.0 = Debug|Any CPU
		{5849AC42-1C23-480D-B04E-420C3FD63A03}.Release|Any CPU.ActiveCfg = Release|Any CPU
		{5849AC42-1C23-480D-B04E-420C3FD63A03}.Release|Any CPU.Build.0 = Release|Any CPU
		{944F72F8-0579-4E77-9B83-CE77171356AE}.Debug|Any CPU.ActiveCfg = Debug|Any CPU
		{944F72F8-0579-4E77-9B83-CE77171356AE}.Debug|Any CPU.Build.0 = Debug|Any CPU
		{944F72F8-0579-4E77-9B83-CE77171356AE}.Release|Any CPU.ActiveCfg = Release|Any CPU
		{944F72F8-0579-4E77-9B83-CE77171356AE}.Release|Any CPU.Build.0 = Release|Any CPU
	EndGlobalSection
	GlobalSection(SolutionProperties) = preSolution
		HideSolutionNode = FALSE
	EndGlobalSection
	GlobalSection(ExtensibilityGlobals) = postSolution
		SolutionGuid = {A0809856-CBD2-4221-B6C9-27055B827F5F}
	EndGlobalSection
EndGlobal
